// !$*UTF8*$!
{
	archiveVersion = 1;
	classes = {
	};
	objectVersion = 46;
	objects = {

/* Begin PBXBuildFile section */
		7915B9E21AA69E1000AF91E3 /* main.m in Sources */ = {isa = PBXBuildFile; fileRef = 7915B9E11AA69E1000AF91E3 /* main.m */; };
		7915B9E51AA69E1000AF91E3 /* AppDelegate.m in Sources */ = {isa = PBXBuildFile; fileRef = 7915B9E41AA69E1000AF91E3 /* AppDelegate.m */; };
		7915B9E81AA69E1000AF91E3 /* ViewController.m in Sources */ = {isa = PBXBuildFile; fileRef = 7915B9E71AA69E1000AF91E3 /* ViewController.m */; };
		7915B9EB1AA69E1000AF91E3 /* Main.storyboard in Resources */ = {isa = PBXBuildFile; fileRef = 7915B9E91AA69E1000AF91E3 /* Main.storyboard */; };
		7915B9ED1AA69E1000AF91E3 /* Images.xcassets in Resources */ = {isa = PBXBuildFile; fileRef = 7915B9EC1AA69E1000AF91E3 /* Images.xcassets */; };
		7915B9F01AA69E1000AF91E3 /* LaunchScreen.xib in Resources */ = {isa = PBXBuildFile; fileRef = 7915B9EE1AA69E1000AF91E3 /* LaunchScreen.xib */; };
		7915B9FC1AA69E1000AF91E3 /* PassDataViewControllerTests.m in Sources */ = {isa = PBXBuildFile; fileRef = 7915B9FB1AA69E1000AF91E3 /* PassDataViewControllerTests.m */; };
		7915BA071AA6B6CF00AF91E3 /* SecondViewController.m in Sources */ = {isa = PBXBuildFile; fileRef = 7915BA061AA6B6CF00AF91E3 /* SecondViewController.m */; };
/* End PBXBuildFile section */

/* Begin PBXContainerItemProxy section */
		7915B9F61AA69E1000AF91E3 /* PBXContainerItemProxy */ = {
			isa = PBXContainerItemProxy;
			containerPortal = 7915B9D41AA69E1000AF91E3 /* Project object */;
			proxyType = 1;
			remoteGlobalIDString = 7915B9DB1AA69E1000AF91E3;
			remoteInfo = PassDataViewController;
		};
/* End PBXContainerItemProxy section */

/* Begin PBXFileReference section */
		7915B9DC1AA69E1000AF91E3 /* PassDataViewController.app */ = {isa = PBXFileReference; explicitFileType = wrapper.application; includeInIndex = 0; path = PassDataViewController.app; sourceTree = BUILT_PRODUCTS_DIR; };
		7915B9E01AA69E1000AF91E3 /* Info.plist */ = {isa = PBXFileReference; lastKnownFileType = text.plist.xml; path = Info.plist; sourceTree = "<group>"; };
		7915B9E11AA69E1000AF91E3 /* main.m */ = {isa = PBXFileReference; lastKnownFileType = sourcecode.c.objc; path = main.m; sourceTree = "<group>"; };
		7915B9E31AA69E1000AF91E3 /* AppDelegate.h */ = {isa = PBXFileReference; lastKnownFileType = sourcecode.c.h; path = AppDelegate.h; sourceTree = "<group>"; };
		7915B9E41AA69E1000AF91E3 /* AppDelegate.m */ = {isa = PBXFileReference; lastKnownFileType = sourcecode.c.objc; path = AppDelegate.m; sourceTree = "<group>"; };
		7915B9E61AA69E1000AF91E3 /* ViewController.h */ = {isa = PBXFileReference; lastKnownFileType = sourcecode.c.h; path = ViewController.h; sourceTree = "<group>"; };
		7915B9E71AA69E1000AF91E3 /* ViewController.m */ = {isa = PBXFileReference; lastKnownFileType = sourcecode.c.objc; path = ViewController.m; sourceTree = "<group>"; };
		7915B9EA1AA69E1000AF91E3 /* Base */ = {isa = PBXFileReference; lastKnownFileType = file.storyboard; name = Base; path = Base.lproj/Main.storyboard; sourceTree = "<group>"; };
		7915B9EC1AA69E1000AF91E3 /* Images.xcassets */ = {isa = PBXFileReference; lastKnownFileType = folder.assetcatalog; path = Images.xcassets; sourceTree = "<group>"; };
		7915B9EF1AA69E1000AF91E3 /* Base */ = {isa = PBXFileReference; lastKnownFileType = file.xib; name = Base; path = Base.lproj/LaunchScreen.xib; sourceTree = "<group>"; };
		7915B9F51AA69E1000AF91E3 /* PassDataViewControllerTests.xctest */ = {isa = PBXFileReference; explicitFileType = wrapper.cfbundle; includeInIndex = 0; path = PassDataViewControllerTests.xctest; sourceTree = BUILT_PRODUCTS_DIR; };
		7915B9FA1AA69E1000AF91E3 /* Info.plist */ = {isa = PBXFileReference; lastKnownFileType = text.plist.xml; path = Info.plist; sourceTree = "<group>"; };
		7915B9FB1AA69E1000AF91E3 /* PassDataViewControllerTests.m */ = {isa = PBXFileReference; lastKnownFileType = sourcecode.c.objc; path = PassDataViewControllerTests.m; sourceTree = "<group>"; };
		7915BA051AA6B6CF00AF91E3 /* SecondViewController.h */ = {isa = PBXFileReference; fileEncoding = 4; lastKnownFileType = sourcecode.c.h; path = SecondViewController.h; sourceTree = "<group>"; };
		7915BA061AA6B6CF00AF91E3 /* SecondViewController.m */ = {isa = PBXFileReference; fileEncoding = 4; lastKnownFileType = sourcecode.c.objc; path = SecondViewController.m; sourceTree = "<group>"; };
/* End PBXFileReference section */

/* Begin PBXFrameworksBuildPhase section */
		7915B9D91AA69E1000AF91E3 /* Frameworks */ = {
			isa = PBXFrameworksBuildPhase;
			buildActionMask = 2147483647;
			files = (
			);
			runOnlyForDeploymentPostprocessing = 0;
		};
		7915B9F21AA69E1000AF91E3 /* Frameworks */ = {
			isa = PBXFrameworksBuildPhase;
			buildActionMask = 2147483647;
			files = (
			);
			runOnlyForDeploymentPostprocessing = 0;
		};
/* End PBXFrameworksBuildPhase section */

/* Begin PBXGroup section */
		7915B9D31AA69E1000AF91E3 = {
			isa = PBXGroup;
			children = (
				7915B9DE1AA69E1000AF91E3 /* PassDataViewController */,
				7915B9F81AA69E1000AF91E3 /* PassDataViewControllerTests */,
				7915B9DD1AA69E1000AF91E3 /* Products */,
			);
			sourceTree = "<group>";
		};
		7915B9DD1AA69E1000AF91E3 /* Products */ = {
			isa = PBXGroup;
			children = (
				7915B9DC1AA69E1000AF91E3 /* PassDataViewController.app */,
				7915B9F51AA69E1000AF91E3 /* PassDataViewControllerTests.xctest */,
			);
			name = Products;
			sourceTree = "<group>";
		};
		7915B9DE1AA69E1000AF91E3 /* PassDataViewController */ = {
			isa = PBXGroup;
			children = (
				7915B9E31AA69E1000AF91E3 /* AppDelegate.h */,
				7915B9E41AA69E1000AF91E3 /* AppDelegate.m */,
				7915B9E61AA69E1000AF91E3 /* ViewController.h */,
				7915B9E71AA69E1000AF91E3 /* ViewController.m */,
				7915B9E91AA69E1000AF91E3 /* Main.storyboard */,
				7915B9EC1AA69E1000AF91E3 /* Images.xcassets */,
				7915B9EE1AA69E1000AF91E3 /* LaunchScreen.xib */,
				7915B9DF1AA69E1000AF91E3 /* Supporting Files */,
				7915BA051AA6B6CF00AF91E3 /* SecondViewController.h */,
				7915BA061AA6B6CF00AF91E3 /* SecondViewController.m */,
			);
			path = PassDataViewController;
			sourceTree = "<group>";
		};
		7915B9DF1AA69E1000AF91E3 /* Supporting Files */ = {
			isa = PBXGroup;
			children = (
				7915B9E01AA69E1000AF91E3 /* Info.plist */,
				7915B9E11AA69E1000AF91E3 /* main.m */,
			);
			name = "Supporting Files";
			sourceTree = "<group>";
		};
		7915B9F81AA69E1000AF91E3 /* PassDataViewControllerTests */ = {
			isa = PBXGroup;
			children = (
				7915B9FB1AA69E1000AF91E3 /* PassDataViewControllerTests.m */,
				7915B9F91AA69E1000AF91E3 /* Supporting Files */,
			);
			path = PassDataViewControllerTests;
			sourceTree = "<group>";
		};
		7915B9F91AA69E1000AF91E3 /* Supporting Files */ = {
			isa = PBXGroup;
			children = (
				7915B9FA1AA69E1000AF91E3 /* Info.plist */,
			);
			name = "Supporting Files";
			sourceTree = "<group>";
		};
/* End PBXGroup section */

/* Begin PBXNativeTarget section */
		7915B9DB1AA69E1000AF91E3 /* PassDataViewController */ = {
			isa = PBXNativeTarget;
			buildConfigurationList = 7915B9FF1AA69E1000AF91E3 /* Build configuration list for PBXNativeTarget "PassDataViewController" */;
			buildPhases = (
				7915B9D81AA69E1000AF91E3 /* Sources */,
				7915B9D91AA69E1000AF91E3 /* Frameworks */,
				7915B9DA1AA69E1000AF91E3 /* Resources */,
			);
			buildRules = (
			);
			dependencies = (
			);
			name = PassDataViewController;
			productName = PassDataViewController;
			productReference = 7915B9DC1AA69E1000AF91E3 /* PassDataViewController.app */;
			productType = "com.apple.product-type.application";
		};
		7915B9F41AA69E1000AF91E3 /* PassDataViewControllerTests */ = {
			isa = PBXNativeTarget;
			buildConfigurationList = 7915BA021AA69E1000AF91E3 /* Build configuration list for PBXNativeTarget "PassDataViewControllerTests" */;
			buildPhases = (
				7915B9F11AA69E1000AF91E3 /* Sources */,
				7915B9F21AA69E1000AF91E3 /* Frameworks */,
				7915B9F31AA69E1000AF91E3 /* Resources */,
			);
			buildRules = (
			);
			dependencies = (
				7915B9F71AA69E1000AF91E3 /* PBXTargetDependency */,
			);
			name = PassDataViewControllerTests;
			productName = PassDataViewControllerTests;
			productReference = 7915B9F51AA69E1000AF91E3 /* PassDataViewControllerTests.xctest */;
			productType = "com.apple.product-type.bundle.unit-test";
		};
/* End PBXNativeTarget section */

/* Begin PBXProject section */
		7915B9D41AA69E1000AF91E3 /* Project object */ = {
			isa = PBXProject;
			attributes = {
				LastUpgradeCheck = 0610;
				ORGANIZATIONNAME = XcodeBeginner;
				TargetAttributes = {
					7915B9DB1AA69E1000AF91E3 = {
						CreatedOnToolsVersion = 6.1.1;
					};
					7915B9F41AA69E1000AF91E3 = {
						CreatedOnToolsVersion = 6.1.1;
						TestTargetID = 7915B9DB1AA69E1000AF91E3;
					};
				};
			};
			buildConfigurationList = 7915B9D71AA69E1000AF91E3 /* Build configuration list for PBXProject "PassDataViewController" */;
			compatibilityVersion = "Xcode 3.2";
			developmentRegion = English;
			hasScannedForEncodings = 0;
			knownRegions = (
				en,
				Base,
			);
			mainGroup = 7915B9D31AA69E1000AF91E3;
			productRefGroup = 7915B9DD1AA69E1000AF91E3 /* Products */;
			projectDirPath = "";
			projectRoot = "";
			targets = (
				7915B9DB1AA69E1000AF91E3 /* PassDataViewController */,
				7915B9F41AA69E1000AF91E3 /* PassDataViewControllerTests */,
			);
		};
/* End PBXProject section */

/* Begin PBXResourcesBuildPhase section */
		7915B9DA1AA69E1000AF91E3 /* Resources */ = {
			isa = PBXResourcesBuildPhase;
			buildActionMask = 2147483647;
			files = (
				7915B9EB1AA69E1000AF91E3 /* Main.storyboard in Resources */,
				7915B9F01AA69E1000AF91E3 /* LaunchScreen.xib in Resources */,
				7915B9ED1AA69E1000AF91E3 /* Images.xcassets in Resources */,
			);
			runOnlyForDeploymentPostprocessing = 0;
		};
		7915B9F31AA69E1000AF91E3 /* Resources */ = {
			isa = PBXResourcesBuildPhase;
			buildActionMask = 2147483647;
			files = (
			);
			runOnlyForDeploymentPostprocessing = 0;
		};
/* End PBXResourcesBuildPhase section */

/* Begin PBXSourcesBuildPhase section */
		7915B9D81AA69E1000AF91E3 /* Sources */ = {
			isa = PBXSourcesBuildPhase;
			buildActionMask = 2147483647;
			files = (
				7915BA071AA6B6CF00AF91E3 /* SecondViewController.m in Sources */,
				7915B9E81AA69E1000AF91E3 /* ViewController.m in Sources */,
				7915B9E51AA69E1000AF91E3 /* AppDelegate.m in Sources */,
				7915B9E21AA69E1000AF91E3 /* main.m in Sources */,
			);
			runOnlyForDeploymentPostprocessing = 0;
		};
		7915B9F11AA69E1000AF91E3 /* Sources */ = {
			isa = PBXSourcesBuildPhase;
			buildActionMask = 2147483647;
			files = (
				7915B9FC1AA69E1000AF91E3 /* PassDataViewControllerTests.m in Sources */,
			);
			runOnlyForDeploymentPostprocessing = 0;
		};
/* End PBXSourcesBuildPhase section */

/* Begin PBXTargetDependency section */
		7915B9F71AA69E1000AF91E3 /* PBXTargetDependency */ = {
			isa = PBXTargetDependency;
			target = 7915B9DB1AA69E1000AF91E3 /* PassDataViewController */;
			targetProxy = 7915B9F61AA69E1000AF91E3 /* PBXContainerItemProxy */;
		};
/* End PBXTargetDependency section */

/* Begin PBXVariantGroup section */
		7915B9E91AA69E1000AF91E3 /* Main.storyboard */ = {
			isa = PBXVariantGroup;
			children = (
				7915B9EA1AA69E1000AF91E3 /* Base */,
			);
			name = Main.storyboard;
			sourceTree = "<group>";
		};
		7915B9EE1AA69E1000AF91E3 /* LaunchScreen.xib */ = {
			isa = PBXVariantGroup;
			children = (
				7915B9EF1AA69E1000AF91E3 /* Base */,
			);
			name = LaunchScreen.xib;
			sourceTree = "<group>";
		};
/* End PBXVariantGroup section */

/* Begin XCBuildConfiguration section */
		7915B9FD1AA69E1000AF91E3 /* Debug */ = {
			isa = XCBuildConfiguration;
			buildSettings = {
				ALWAYS_SEARCH_USER_PATHS = NO;
				CLANG_CXX_LANGUAGE_STANDARD = "gnu++0x";
				CLANG_CXX_LIBRARY = "libc++";
				CLANG_ENABLE_MODULES = YES;
				CLANG_ENABLE_OBJC_ARC = YES;
				CLANG_WARN_BOOL_CONVERSION = YES;
				CLANG_WARN_CONSTANT_CONVERSION = YES;
				CLANG_WARN_DIRECT_OBJC_ISA_USAGE = YES_ERROR;
				CLANG_WARN_EMPTY_BODY = YES;
				CLANG_WARN_ENUM_CONVERSION = YES;
				CLANG_WARN_INT_CONVERSION = YES;
				CLANG_WARN_OBJC_ROOT_CLASS = YES_ERROR;
				CLANG_WARN_UNREACHABLE_CODE = YES;
				CLANG_WARN__DUPLICATE_METHOD_MATCH = YES;
				"CODE_SIGN_IDENTITY[sdk=iphoneos*]" = "iPhone Developer";
				COPY_PHASE_STRIP = NO;
				ENABLE_STRICT_OBJC_MSGSEND = YES;
				GCC_C_LANGUAGE_STANDARD = gnu99;
				GCC_DYNAMIC_NO_PIC = NO;
				GCC_OPTIMIZATION_LEVEL = 0;
				GCC_PREPROCESSOR_DEFINITIONS = (
					"DEBUG=1",
					"$(inherited)",
				);
				GCC_SYMBOLS_PRIVATE_EXTERN = NO;
				GCC_WARN_64_TO_32_BIT_CONVERSION = YES;
				GCC_WARN_ABOUT_RETURN_TYPE = YES_ERROR;
				GCC_WARN_UNDECLARED_SELECTOR = YES;
				GCC_WARN_UNINITIALIZED_AUTOS = YES_AGGRESSIVE;
				GCC_WARN_UNUSED_FUNCTION = YES;
				GCC_WARN_UNUSED_VARIABLE = YES;
				IPHONEOS_DEPLOYMENT_TARGET = 8.1;
				MTL_ENABLE_DEBUG_INFO = YES;
				ONLY_ACTIVE_ARCH = YES;
				SDKROOT = iphoneos;
			};
			name = Debug;
		};
		7915B9FE1AA69E1000AF91E3 /* Release */ = {
			isa = XCBuildConfiguration;
			buildSettings = {
				ALWAYS_SEARCH_USER_PATHS = NO;
				CLANG_CXX_LANGUAGE_STANDARD = "gnu++0x";
				CLANG_CXX_LIBRARY = "libc++";
				CLANG_ENABLE_MODULES = YES;
				CLANG_ENABLE_OBJC_ARC = YES;
				CLANG_WARN_BOOL_CONVERSION = YES;
				CLANG_WARN_CONSTANT_CONVERSION = YES;
				CLANG_WARN_DIRECT_OBJC_ISA_USAGE = YES_ERROR;
				CLANG_WARN_EMPTY_BODY = YES;
				CLANG_WARN_ENUM_CONVERSION = YES;
				CLANG_WARN_INT_CONVERSION = YES;
				CLANG_WARN_OBJC_ROOT_CLASS = YES_ERROR;
				CLANG_WARN_UNREACHABLE_CODE = YES;
				CLANG_WARN__DUPLICATE_METHOD_MATCH = YES;
				"CODE_SIGN_IDENTITY[sdk=iphoneos*]" = "iPhone Developer";
				COPY_PHASE_STRIP = YES;
				ENABLE_NS_ASSERTIONS = NO;
				ENABLE_STRICT_OBJC_MSGSEND = YES;
				GCC_C_LANGUAGE_STANDARD = gnu99;
				GCC_WARN_64_TO_32_BIT_CONVERSION = YES;
				GCC_WARN_ABOUT_RETURN_TYPE = YES_ERROR;
				GCC_WARN_UNDECLARED_SELECTOR = YES;
				GCC_WARN_UNINITIALIZED_AUTOS = YES_AGGRESSIVE;
				GCC_WARN_UNUSED_FUNCTION = YES;
				GCC_WARN_UNUSED_VARIABLE = YES;
				IPHONEOS_DEPLOYMENT_TARGET = 8.1;
				MTL_ENABLE_DEBUG_INFO = NO;
				SDKROOT = iphoneos;
				VALIDATE_PRODUCT = YES;
			};
			name = Release;
		};
		7915BA001AA69E1000AF91E3 /* Debug */ = {
			isa = XCBuildConfiguration;
			buildSettings = {
				ASSETCATALOG_COMPILER_APPICON_NAME = AppIcon;
				INFOPLIST_FILE = PassDataViewController/Info.plist;
				LD_RUNPATH_SEARCH_PATHS = "$(inherited) @executable_path/Frameworks";
				PRODUCT_NAME = "$(TARGET_NAME)";
			};
			name = Debug;
		};
		7915BA011AA69E1000AF91E3 /* Release */ = {
			isa = XCBuildConfiguration;
			buildSettings = {
				ASSETCATALOG_COMPILER_APPICON_NAME = AppIcon;
				INFOPLIST_FILE = PassDataViewController/Info.plist;
				LD_RUNPATH_SEARCH_PATHS = "$(inherited) @executable_path/Frameworks";
				PRODUCT_NAME = "$(TARGET_NAME)";
			};
			name = Release;
		};
		7915BA031AA69E1000AF91E3 /* Debug */ = {
			isa = XCBuildConfiguration;
			buildSettings = {
				BUNDLE_LOADER = "$(TEST_HOST)";
				FRAMEWORK_SEARCH_PATHS = (
					"$(SDKROOT)/Developer/Library/Frameworks",
					"$(inherited)",
				);
				GCC_PREPROCESSOR_DEFINITIONS = (
					"DEBUG=1",
					"$(inherited)",
				);
				INFOPLIST_FILE = PassDataViewControllerTests/Info.plist;
				LD_RUNPATH_SEARCH_PATHS = "$(inherited) @executable_path/Frameworks @loader_path/Frameworks";
				PRODUCT_NAME = "$(TARGET_NAME)";
				TEST_HOST = "$(BUILT_PRODUCTS_DIR)/PassDataViewController.app/PassDataViewController";
			};
			name = Debug;
		};
		7915BA041AA69E1000AF91E3 /* Release */ = {
			isa = XCBuildConfiguration;
			buildSettings = {
				BUNDLE_LOADER = "$(TEST_HOST)";
				FRAMEWORK_SEARCH_PATHS = (
					"$(SDKROOT)/Developer/Library/Frameworks",
					"$(inherited)",
				);
				INFOPLIST_FILE = PassDataViewControllerTests/Info.plist;
				LD_RUNPATH_SEARCH_PATHS = "$(inherited) @executable_path/Frameworks @loader_path/Frameworks";
				PRODUCT_NAME = "$(TARGET_NAME)";
				TEST_HOST = "$(BUILT_PRODUCTS_DIR)/PassDataViewController.app/PassDataViewController";
			};
			name = Release;
		};
/* End XCBuildConfiguration section */

/* Begin XCConfigurationList section */
		7915B9D71AA69E1000AF91E3 /* Build configuration list for PBXProject "PassDataViewController" */ = {
			isa = XCConfigurationList;
			buildConfigurations = (
				7915B9FD1AA69E1000AF91E3 /* Debug */,
				7915B9FE1AA69E1000AF91E3 /* Release */,
			);
			defaultConfigurationIsVisible = 0;
			defaultConfigurationName = Release;
		};
		7915B9FF1AA69E1000AF91E3 /* Build configuration list for PBXNativeTarget "PassDataViewController" */ = {
			isa = XCConfigurationList;
			buildConfigurations = (
				7915BA001AA69E1000AF91E3 /* Debug */,
				7915BA011AA69E1000AF91E3 /* Release */,
			);
			defaultConfigurationIsVisible = 0;
		};
		7915BA021AA69E1000AF91E3 /* Build configuration list for PBXNativeTarget "PassDataViewControllerTests" */ = {
			isa = XCConfigurationList;
			buildConfigurations = (
				7915BA031AA69E1000AF91E3 /* Debug */,
				7915BA041AA69E1000AF91E3 /* Release */,
			);
			defaultConfigurationIsVisible = 0;
		};
/* End XCConfigurationList section */
	};
	rootObject = 7915B9D41AA69E1000AF91E3 /* Project object */;
}
